
Microsoft Visual Studio Solution File, Format Version 12.00
# Visual Studio 15
VisualStudioVersion = 15.0.27703.1
MinimumVisualStudioVersion = 10.0.40219.1
Project("{FAE04EC0-301F-11D3-BF4B-00C04F79EFBC}") = "GameTrainingHub", "GameTrainingHub\GameTrainingHub.csproj", "{D85E2367-1B4F-440E-95EF-7BD9AFE99B07}"
EndProject
Global
	GlobalSection(SolutionConfigurationPlatforms) = preSolution
		Debug|Any CPU = Debug|Any CPU
		Release|Any CPU = Release|Any CPU
	EndGlobalSection
	GlobalSection(ProjectConfigurationPlatforms) = postSolution
		{D85E2367-1B4F-440E-95EF-7BD9AFE99B07}.Debug|Any CPU.ActiveCfg = Debug|Any CPU
		{D85E2367-1B4F-440E-95EF-7BD9AFE99B07}.Debug|Any CPU.Build.0 = Debug|Any CPU
		{D85E2367-1B4F-440E-95EF-7BD9AFE99B07}.Release|Any CPU.ActiveCfg = Release|Any CPU
		{D85E2367-1B4F-440E-95EF-7BD9AFE99B07}.Release|Any CPU.Build.0 = Release|Any CPU
	EndGlobalSection
	GlobalSection(SolutionProperties) = preSolution
		HideSolutionNode = FALSE
	EndGlobalSection
	GlobalSection(ExtensibilityGlobals) = postSolution
		SolutionGuid = {779F39F2-B671-44AB-8994-2205FD2A38FA}
	EndGlobalSection
EndGlobal
